// !$*UTF8*$!
{
	archiveVersion = 1;
	classes = {
	};
	objectVersion = 50;
	objects = {

/* Begin PBXBuildFile section */
		A3BC430926AC0DDA00CC8354 /* AppDelegate.swift in Sources */ = {isa = PBXBuildFile; fileRef = A3BC430826AC0DDA00CC8354 /* AppDelegate.swift */; };
		A3BC430B26AC0DDA00CC8354 /* SceneDelegate.swift in Sources */ = {isa = PBXBuildFile; fileRef = A3BC430A26AC0DDA00CC8354 /* SceneDelegate.swift */; };
		A3BC430D26AC0DDA00CC8354 /* ViewController.swift in Sources */ = {isa = PBXBuildFile; fileRef = A3BC430C26AC0DDA00CC8354 /* ViewController.swift */; };
		A3BC431026AC0DDA00CC8354 /* Main.storyboard in Resources */ = {isa = PBXBuildFile; fileRef = A3BC430E26AC0DDA00CC8354 /* Main.storyboard */; };
		A3BC431326AC0DDA00CC8354 /* homework14.xcdatamodeld in Sources */ = {isa = PBXBuildFile; fileRef = A3BC431126AC0DDA00CC8354 /* homework14.xcdatamodeld */; };
		A3BC431526AC0DDB00CC8354 /* Assets.xcassets in Resources */ = {isa = PBXBuildFile; fileRef = A3BC431426AC0DDB00CC8354 /* Assets.xcassets */; };
		A3BC431826AC0DDB00CC8354 /* LaunchScreen.storyboard in Resources */ = {isa = PBXBuildFile; fileRef = A3BC431626AC0DDB00CC8354 /* LaunchScreen.storyboard */; };
		A3BC432326AC0DDB00CC8354 /* homework14Tests.swift in Sources */ = {isa = PBXBuildFile; fileRef = A3BC432226AC0DDB00CC8354 /* homework14Tests.swift */; };
		A3BC432E26AC0DDB00CC8354 /* homework14UITests.swift in Sources */ = {isa = PBXBuildFile; fileRef = A3BC432D26AC0DDB00CC8354 /* homework14UITests.swift */; };
/* End PBXBuildFile section */

/* Begin PBXContainerItemProxy section */
		A3BC431F26AC0DDB00CC8354 /* PBXContainerItemProxy */ = {
			isa = PBXContainerItemProxy;
			containerPortal = A3BC42FD26AC0DDA00CC8354 /* Project object */;
			proxyType = 1;
			remoteGlobalIDString = A3BC430426AC0DDA00CC8354;
			remoteInfo = homework14;
		};
		A3BC432A26AC0DDB00CC8354 /* PBXContainerItemProxy */ = {
			isa = PBXContainerItemProxy;
			containerPortal = A3BC42FD26AC0DDA00CC8354 /* Project object */;
			proxyType = 1;
			remoteGlobalIDString = A3BC430426AC0DDA00CC8354;
			remoteInfo = homework14;
		};
/* End PBXContainerItemProxy section */

/* Begin PBXFileReference section */
		A3BC430526AC0DDA00CC8354 /* homework14.app */ = {isa = PBXFileReference; explicitFileType = wrapper.application; includeInIndex = 0; path = homework14.app; sourceTree = BUILT_PRODUCTS_DIR; };
		A3BC430826AC0DDA00CC8354 /* AppDelegate.swift */ = {isa = PBXFileReference; lastKnownFileType = sourcecode.swift; path = AppDelegate.swift; sourceTree = "<group>"; };
		A3BC430A26AC0DDA00CC8354 /* SceneDelegate.swift */ = {isa = PBXFileReference; lastKnownFileType = sourcecode.swift; path = SceneDelegate.swift; sourceTree = "<group>"; };
		A3BC430C26AC0DDA00CC8354 /* ViewController.swift */ = {isa = PBXFileReference; lastKnownFileType = sourcecode.swift; path = ViewController.swift; sourceTree = "<group>"; };
		A3BC430F26AC0DDA00CC8354 /* Base */ = {isa = PBXFileReference; lastKnownFileType = file.storyboard; name = Base; path = Base.lproj/Main.storyboard; sourceTree = "<group>"; };
		A3BC431226AC0DDA00CC8354 /* homework14.xcdatamodel */ = {isa = PBXFileReference; lastKnownFileType = wrapper.xcdatamodel; path = homework14.xcdatamodel; sourceTree = "<group>"; };
		A3BC431426AC0DDB00CC8354 /* Assets.xcassets */ = {isa = PBXFileReference; lastKnownFileType = folder.assetcatalog; path = Assets.xcassets; sourceTree = "<group>"; };
		A3BC431726AC0DDB00CC8354 /* Base */ = {isa = PBXFileReference; lastKnownFileType = file.storyboard; name = Base; path = Base.lproj/LaunchScreen.storyboard; sourceTree = "<group>"; };
		A3BC431926AC0DDB00CC8354 /* Info.plist */ = {isa = PBXFileReference; lastKnownFileType = text.plist.xml; path = Info.plist; sourceTree = "<group>"; };
		A3BC431E26AC0DDB00CC8354 /* homework14Tests.xctest */ = {isa = PBXFileReference; explicitFileType = wrapper.cfbundle; includeInIndex = 0; path = homework14Tests.xctest; sourceTree = BUILT_PRODUCTS_DIR; };
		A3BC432226AC0DDB00CC8354 /* homework14Tests.swift */ = {isa = PBXFileReference; lastKnownFileType = sourcecode.swift; path = homework14Tests.swift; sourceTree = "<group>"; };
		A3BC432426AC0DDB00CC8354 /* Info.plist */ = {isa = PBXFileReference; lastKnownFileType = text.plist.xml; path = Info.plist; sourceTree = "<group>"; };
		A3BC432926AC0DDB00CC8354 /* homework14UITests.xctest */ = {isa = PBXFileReference; explicitFileType = wrapper.cfbundle; includeInIndex = 0; path = homework14UITests.xctest; sourceTree = BUILT_PRODUCTS_DIR; };
		A3BC432D26AC0DDB00CC8354 /* homework14UITests.swift */ = {isa = PBXFileReference; lastKnownFileType = sourcecode.swift; path = homework14UITests.swift; sourceTree = "<group>"; };
		A3BC432F26AC0DDB00CC8354 /* Info.plist */ = {isa = PBXFileReference; lastKnownFileType = text.plist.xml; path = Info.plist; sourceTree = "<group>"; };
/* End PBXFileReference section */

/* Begin PBXFrameworksBuildPhase section */
		A3BC430226AC0DDA00CC8354 /* Frameworks */ = {
			isa = PBXFrameworksBuildPhase;
			buildActionMask = 2147483647;
			files = (
			);
			runOnlyForDeploymentPostprocessing = 0;
		};
		A3BC431B26AC0DDB00CC8354 /* Frameworks */ = {
			isa = PBXFrameworksBuildPhase;
			buildActionMask = 2147483647;
			files = (
			);
			runOnlyForDeploymentPostprocessing = 0;
		};
		A3BC432626AC0DDB00CC8354 /* Frameworks */ = {
			isa = PBXFrameworksBuildPhase;
			buildActionMask = 2147483647;
			files = (
			);
			runOnlyForDeploymentPostprocessing = 0;
		};
/* End PBXFrameworksBuildPhase section */

/* Begin PBXGroup section */
		A3BC42FC26AC0DDA00CC8354 = {
			isa = PBXGroup;
			children = (
				A3BC430726AC0DDA00CC8354 /* homework14 */,
				A3BC432126AC0DDB00CC8354 /* homework14Tests */,
				A3BC432C26AC0DDB00CC8354 /* homework14UITests */,
				A3BC430626AC0DDA00CC8354 /* Products */,
			);
			sourceTree = "<group>";
		};
		A3BC430626AC0DDA00CC8354 /* Products */ = {
			isa = PBXGroup;
			children = (
				A3BC430526AC0DDA00CC8354 /* homework14.app */,
				A3BC431E26AC0DDB00CC8354 /* homework14Tests.xctest */,
				A3BC432926AC0DDB00CC8354 /* homework14UITests.xctest */,
			);
			name = Products;
			sourceTree = "<group>";
		};
		A3BC430726AC0DDA00CC8354 /* homework14 */ = {
			isa = PBXGroup;
			children = (
				A3BC430826AC0DDA00CC8354 /* AppDelegate.swift */,
				A3BC430A26AC0DDA00CC8354 /* SceneDelegate.swift */,
				A3BC430C26AC0DDA00CC8354 /* ViewController.swift */,
				A3BC430E26AC0DDA00CC8354 /* Main.storyboard */,
				A3BC431426AC0DDB00CC8354 /* Assets.xcassets */,
				A3BC431626AC0DDB00CC8354 /* LaunchScreen.storyboard */,
				A3BC431926AC0DDB00CC8354 /* Info.plist */,
				A3BC431126AC0DDA00CC8354 /* homework14.xcdatamodeld */,
			);
			path = homework14;
			sourceTree = "<group>";
		};
		A3BC432126AC0DDB00CC8354 /* homework14Tests */ = {
			isa = PBXGroup;
			children = (
				A3BC432226AC0DDB00CC8354 /* homework14Tests.swift */,
				A3BC432426AC0DDB00CC8354 /* Info.plist */,
			);
			path = homework14Tests;
			sourceTree = "<group>";
		};
		A3BC432C26AC0DDB00CC8354 /* homework14UITests */ = {
			isa = PBXGroup;
			children = (
				A3BC432D26AC0DDB00CC8354 /* homework14UITests.swift */,
				A3BC432F26AC0DDB00CC8354 /* Info.plist */,
			);
			path = homework14UITests;
			sourceTree = "<group>";
		};
/* End PBXGroup section */

/* Begin PBXNativeTarget section */
		A3BC430426AC0DDA00CC8354 /* homework14 */ = {
			isa = PBXNativeTarget;
			buildConfigurationList = A3BC433226AC0DDB00CC8354 /* Build configuration list for PBXNativeTarget "homework14" */;
			buildPhases = (
				A3BC430126AC0DDA00CC8354 /* Sources */,
				A3BC430226AC0DDA00CC8354 /* Frameworks */,
				A3BC430326AC0DDA00CC8354 /* Resources */,
			);
			buildRules = (
			);
			dependencies = (
			);
			name = homework14;
			productName = homework14;
			productReference = A3BC430526AC0DDA00CC8354 /* homework14.app */;
			productType = "com.apple.product-type.application";
		};
		A3BC431D26AC0DDB00CC8354 /* homework14Tests */ = {
			isa = PBXNativeTarget;
			buildConfigurationList = A3BC433526AC0DDB00CC8354 /* Build configuration list for PBXNativeTarget "homework14Tests" */;
			buildPhases = (
				A3BC431A26AC0DDB00CC8354 /* Sources */,
				A3BC431B26AC0DDB00CC8354 /* Frameworks */,
				A3BC431C26AC0DDB00CC8354 /* Resources */,
			);
			buildRules = (
			);
			dependencies = (
				A3BC432026AC0DDB00CC8354 /* PBXTargetDependency */,
			);
			name = homework14Tests;
			productName = homework14Tests;
			productReference = A3BC431E26AC0DDB00CC8354 /* homework14Tests.xctest */;
			productType = "com.apple.product-type.bundle.unit-test";
		};
		A3BC432826AC0DDB00CC8354 /* homework14UITests */ = {
			isa = PBXNativeTarget;
			buildConfigurationList = A3BC433826AC0DDB00CC8354 /* Build configuration list for PBXNativeTarget "homework14UITests" */;
			buildPhases = (
				A3BC432526AC0DDB00CC8354 /* Sources */,
				A3BC432626AC0DDB00CC8354 /* Frameworks */,
				A3BC432726AC0DDB00CC8354 /* Resources */,
			);
			buildRules = (
			);
			dependencies = (
				A3BC432B26AC0DDB00CC8354 /* PBXTargetDependency */,
			);
			name = homework14UITests;
			productName = homework14UITests;
			productReference = A3BC432926AC0DDB00CC8354 /* homework14UITests.xctest */;
			productType = "com.apple.product-type.bundle.ui-testing";
		};
/* End PBXNativeTarget section */

/* Begin PBXProject section */
		A3BC42FD26AC0DDA00CC8354 /* Project object */ = {
			isa = PBXProject;
			attributes = {
				LastSwiftUpdateCheck = 1250;
				LastUpgradeCheck = 1250;
				TargetAttributes = {
					A3BC430426AC0DDA00CC8354 = {
						CreatedOnToolsVersion = 12.5.1;
					};
					A3BC431D26AC0DDB00CC8354 = {
						CreatedOnToolsVersion = 12.5.1;
						TestTargetID = A3BC430426AC0DDA00CC8354;
					};
					A3BC432826AC0DDB00CC8354 = {
						CreatedOnToolsVersion = 12.5.1;
						TestTargetID = A3BC430426AC0DDA00CC8354;
					};
				};
			};
			buildConfigurationList = A3BC430026AC0DDA00CC8354 /* Build configuration list for PBXProject "homework14" */;
			compatibilityVersion = "Xcode 9.3";
			developmentRegion = en;
			hasScannedForEncodings = 0;
			knownRegions = (
				en,
				Base,
			);
			mainGroup = A3BC42FC26AC0DDA00CC8354;
			productRefGroup = A3BC430626AC0DDA00CC8354 /* Products */;
			projectDirPath = "";
			projectRoot = "";
			targets = (
				A3BC430426AC0DDA00CC8354 /* homework14 */,
				A3BC431D26AC0DDB00CC8354 /* homework14Tests */,
				A3BC432826AC0DDB00CC8354 /* homework14UITests */,
			);
		};
/* End PBXProject section */

/* Begin PBXResourcesBuildPhase section */
		A3BC430326AC0DDA00CC8354 /* Resources */ = {
			isa = PBXResourcesBuildPhase;
			buildActionMask = 2147483647;
			files = (
				A3BC431826AC0DDB00CC8354 /* LaunchScreen.storyboard in Resources */,
				A3BC431526AC0DDB00CC8354 /* Assets.xcassets in Resources */,
				A3BC431026AC0DDA00CC8354 /* Main.storyboard in Resources */,
			);
			runOnlyForDeploymentPostprocessing = 0;
		};
		A3BC431C26AC0DDB00CC8354 /* Resources */ = {
			isa = PBXResourcesBuildPhase;
			buildActionMask = 2147483647;
			files = (
			);
			runOnlyForDeploymentPostprocessing = 0;
		};
		A3BC432726AC0DDB00CC8354 /* Resources */ = {
			isa = PBXResourcesBuildPhase;
			buildActionMask = 2147483647;
			files = (
			);
			runOnlyForDeploymentPostprocessing = 0;
		};
/* End PBXResourcesBuildPhase section */

/* Begin PBXSourcesBuildPhase section */
		A3BC430126AC0DDA00CC8354 /* Sources */ = {
			isa = PBXSourcesBuildPhase;
			buildActionMask = 2147483647;
			files = (
				A3BC431326AC0DDA00CC8354 /* homework14.xcdatamodeld in Sources */,
				A3BC430D26AC0DDA00CC8354 /* ViewController.swift in Sources */,
				A3BC430926AC0DDA00CC8354 /* AppDelegate.swift in Sources */,
				A3BC430B26AC0DDA00CC8354 /* SceneDelegate.swift in Sources */,
			);
			runOnlyForDeploymentPostprocessing = 0;
		};
		A3BC431A26AC0DDB00CC8354 /* Sources */ = {
			isa = PBXSourcesBuildPhase;
			buildActionMask = 2147483647;
			files = (
				A3BC432326AC0DDB00CC8354 /* homework14Tests.swift in Sources */,
			);
			runOnlyForDeploymentPostprocessing = 0;
		};
		A3BC432526AC0DDB00CC8354 /* Sources */ = {
			isa = PBXSourcesBuildPhase;
			buildActionMask = 2147483647;
			files = (
				A3BC432E26AC0DDB00CC8354 /* homework14UITests.swift in Sources */,
			);
			runOnlyForDeploymentPostprocessing = 0;
		};
/* End PBXSourcesBuildPhase section */

/* Begin PBXTargetDependency section */
		A3BC432026AC0DDB00CC8354 /* PBXTargetDependency */ = {
			isa = PBXTargetDependency;
			target = A3BC430426AC0DDA00CC8354 /* homework14 */;
			targetProxy = A3BC431F26AC0DDB00CC8354 /* PBXContainerItemProxy */;
		};
		A3BC432B26AC0DDB00CC8354 /* PBXTargetDependency */ = {
			isa = PBXTargetDependency;
			target = A3BC430426AC0DDA00CC8354 /* homework14 */;
			targetProxy = A3BC432A26AC0DDB00CC8354 /* PBXContainerItemProxy */;
		};
/* End PBXTargetDependency section */

/* Begin PBXVariantGroup section */
		A3BC430E26AC0DDA00CC8354 /* Main.storyboard */ = {
			isa = PBXVariantGroup;
			children = (
				A3BC430F26AC0DDA00CC8354 /* Base */,
			);
			name = Main.storyboard;
			sourceTree = "<group>";
		};
		A3BC431626AC0DDB00CC8354 /* LaunchScreen.storyboard */ = {
			isa = PBXVariantGroup;
			children = (
				A3BC431726AC0DDB00CC8354 /* Base */,
			);
			name = LaunchScreen.storyboard;
			sourceTree = "<group>";
		};
/* End PBXVariantGroup section */

/* Begin XCBuildConfiguration section */
		A3BC433026AC0DDB00CC8354 /* Debug */ = {
			isa = XCBuildConfiguration;
			buildSettings = {
				ALWAYS_SEARCH_USER_PATHS = NO;
				CLANG_ANALYZER_NONNULL = YES;
				CLANG_ANALYZER_NUMBER_OBJECT_CONVERSION = YES_AGGRESSIVE;
				CLANG_CXX_LANGUAGE_STANDARD = "gnu++14";
				CLANG_CXX_LIBRARY = "libc++";
				CLANG_ENABLE_MODULES = YES;
				CLANG_ENABLE_OBJC_ARC = YES;
				CLANG_ENABLE_OBJC_WEAK = YES;
				CLANG_WARN_BLOCK_CAPTURE_AUTORELEASING = YES;
				CLANG_WARN_BOOL_CONVERSION = YES;
				CLANG_WARN_COMMA = YES;
				CLANG_WARN_CONSTANT_CONVERSION = YES;
				CLANG_WARN_DEPRECATED_OBJC_IMPLEMENTATIONS = YES;
				CLANG_WARN_DIRECT_OBJC_ISA_USAGE = YES_ERROR;
				CLANG_WARN_DOCUMENTATION_COMMENTS = YES;
				CLANG_WARN_EMPTY_BODY = YES;
				CLANG_WARN_ENUM_CONVERSION = YES;
				CLANG_WARN_INFINITE_RECURSION = YES;
				CLANG_WARN_INT_CONVERSION = YES;
				CLANG_WARN_NON_LITERAL_NULL_CONVERSION = YES;
				CLANG_WARN_OBJC_IMPLICIT_RETAIN_SELF = YES;
				CLANG_WARN_OBJC_LITERAL_CONVERSION = YES;
				CLANG_WARN_OBJC_ROOT_CLASS = YES_ERROR;
				CLANG_WARN_QUOTED_INCLUDE_IN_FRAMEWORK_HEADER = YES;
				CLANG_WARN_RANGE_LOOP_ANALYSIS = YES;
				CLANG_WARN_STRICT_PROTOTYPES = YES;
				CLANG_WARN_SUSPICIOUS_MOVE = YES;
				CLANG_WARN_UNGUARDED_AVAILABILITY = YES_AGGRESSIVE;
				CLANG_WARN_UNREACHABLE_CODE = YES;
				CLANG_WARN__DUPLICATE_METHOD_MATCH = YES;
				COPY_PHASE_STRIP = NO;
				DEBUG_INFORMATION_FORMAT = dwarf;
				ENABLE_STRICT_OBJC_MSGSEND = YES;
				ENABLE_TESTABILITY = YES;
				GCC_C_LANGUAGE_STANDARD = gnu11;
				GCC_DYNAMIC_NO_PIC = NO;
				GCC_NO_COMMON_BLOCKS = YES;
				GCC_OPTIMIZATION_LEVEL = 0;
				GCC_PREPROCESSOR_DEFINITIONS = (
					"DEBUG=1",
					"$(inherited)",
				);
				GCC_WARN_64_TO_32_BIT_CONVERSION = YES;
				GCC_WARN_ABOUT_RETURN_TYPE = YES_ERROR;
				GCC_WARN_UNDECLARED_SELECTOR = YES;
				GCC_WARN_UNINITIALIZED_AUTOS = YES_AGGRESSIVE;
				GCC_WARN_UNUSED_FUNCTION = YES;
				GCC_WARN_UNUSED_VARIABLE = YES;
				IPHONEOS_DEPLOYMENT_TARGET = 14.5;
				MTL_ENABLE_DEBUG_INFO = INCLUDE_SOURCE;
				MTL_FAST_MATH = YES;
				ONLY_ACTIVE_ARCH = YES;
				SDKROOT = iphoneos;
				SWIFT_ACTIVE_COMPILATION_CONDITIONS = DEBUG;
				SWIFT_OPTIMIZATION_LEVEL = "-Onone";
			};
			name = Debug;
		};
		A3BC433126AC0DDB00CC8354 /* Release */ = {
			isa = XCBuildConfiguration;
			buildSettings = {
				ALWAYS_SEARCH_USER_PATHS = NO;
				CLANG_ANALYZER_NONNULL = YES;
				CLANG_ANALYZER_NUMBER_OBJECT_CONVERSION = YES_AGGRESSIVE;
				CLANG_CXX_LANGUAGE_STANDARD = "gnu++14";
				CLANG_CXX_LIBRARY = "libc++";
				CLANG_ENABLE_MODULES = YES;
				CLANG_ENABLE_OBJC_ARC = YES;
				CLANG_ENABLE_OBJC_WEAK = YES;
				CLANG_WARN_BLOCK_CAPTURE_AUTORELEASING = YES;
				CLANG_WARN_BOOL_CONVERSION = YES;
				CLANG_WARN_COMMA = YES;
				CLANG_WARN_CONSTANT_CONVERSION = YES;
				CLANG_WARN_DEPRECATED_OBJC_IMPLEMENTATIONS = YES;
				CLANG_WARN_DIRECT_OBJC_ISA_USAGE = YES_ERROR;
				CLANG_WARN_DOCUMENTATION_COMMENTS = YES;
				CLANG_WARN_EMPTY_BODY = YES;
				CLANG_WARN_ENUM_CONVERSION = YES;
				CLANG_WARN_INFINITE_RECURSION = YES;
				CLANG_WARN_INT_CONVERSION = YES;
				CLANG_WARN_NON_LITERAL_NULL_CONVERSION = YES;
				CLANG_WARN_OBJC_IMPLICIT_RETAIN_SELF = YES;
				CLANG_WARN_OBJC_LITERAL_CONVERSION = YES;
				CLANG_WARN_OBJC_ROOT_CLASS = YES_ERROR;
				CLANG_WARN_QUOTED_INCLUDE_IN_FRAMEWORK_HEADER = YES;
				CLANG_WARN_RANGE_LOOP_ANALYSIS = YES;
				CLANG_WARN_STRICT_PROTOTYPES = YES;
				CLANG_WARN_SUSPICIOUS_MOVE = YES;
				CLANG_WARN_UNGUARDED_AVAILABILITY = YES_AGGRESSIVE;
				CLANG_WARN_UNREACHABLE_CODE = YES;
				CLANG_WARN__DUPLICATE_METHOD_MATCH = YES;
				COPY_PHASE_STRIP = NO;
				DEBUG_INFORMATION_FORMAT = "dwarf-with-dsym";
				ENABLE_NS_ASSERTIONS = NO;
				ENABLE_STRICT_OBJC_MSGSEND = YES;
				GCC_C_LANGUAGE_STANDARD = gnu11;
				GCC_NO_COMMON_BLOCKS = YES;
				GCC_WARN_64_TO_32_BIT_CONVERSION = YES;
				GCC_WARN_ABOUT_RETURN_TYPE = YES_ERROR;
				GCC_WARN_UNDECLARED_SELECTOR = YES;
				GCC_WARN_UNINITIALIZED_AUTOS = YES_AGGRESSIVE;
				GCC_WARN_UNUSED_FUNCTION = YES;
				GCC_WARN_UNUSED_VARIABLE = YES;
				IPHONEOS_DEPLOYMENT_TARGET = 14.5;
				MTL_ENABLE_DEBUG_INFO = NO;
				MTL_FAST_MATH = YES;
				SDKROOT = iphoneos;
				SWIFT_COMPILATION_MODE = wholemodule;
				SWIFT_OPTIMIZATION_LEVEL = "-O";
				VALIDATE_PRODUCT = YES;
			};
			name = Release;
		};
		A3BC433326AC0DDB00CC8354 /* Debug */ = {
			isa = XCBuildConfiguration;
			buildSettings = {
				ASSETCATALOG_COMPILER_APPICON_NAME = AppIcon;
				ASSETCATALOG_COMPILER_GLOBAL_ACCENT_COLOR_NAME = AccentColor;
				CODE_SIGN_STYLE = Automatic;
				DEVELOPMENT_TEAM = 29PA55RT68;
				INFOPLIST_FILE = homework14/Info.plist;
				LD_RUNPATH_SEARCH_PATHS = (
					"$(inherited)",
					"@executable_path/Frameworks",
				);
				PRODUCT_BUNDLE_IDENTIFIER = ios.homework14;
				PRODUCT_NAME = "$(TARGET_NAME)";
				SWIFT_VERSION = 5.0;
				TARGETED_DEVICE_FAMILY = "1,2";
			};
			name = Debug;
		};
		A3BC433426AC0DDB00CC8354 /* Release */ = {
			isa = XCBuildConfiguration;
			buildSettings = {
				ASSETCATALOG_COMPILER_APPICON_NAME = AppIcon;
				ASSETCATALOG_COMPILER_GLOBAL_ACCENT_COLOR_NAME = AccentColor;
				CODE_SIGN_STYLE = Automatic;
				DEVELOPMENT_TEAM = 29PA55RT68;
				INFOPLIST_FILE = homework14/Info.plist;
				LD_RUNPATH_SEARCH_PATHS = (
					"$(inherited)",
					"@executable_path/Frameworks",
				);
				PRODUCT_BUNDLE_IDENTIFIER = ios.homework14;
				PRODUCT_NAME = "$(TARGET_NAME)";
				SWIFT_VERSION = 5.0;
				TARGETED_DEVICE_FAMILY = "1,2";
			};
			name = Release;
		};
		A3BC433626AC0DDB00CC8354 /* Debug */ = {
			isa = XCBuildConfiguration;
			buildSettings = {
				ALWAYS_EMBED_SWIFT_STANDARD_LIBRARIES = YES;
				BUNDLE_LOADER = "$(TEST_HOST)";
				CODE_SIGN_STYLE = Automatic;
				DEVELOPMENT_TEAM = 29PA55RT68;
				INFOPLIST_FILE = homework14Tests/Info.plist;
				IPHONEOS_DEPLOYMENT_TARGET = 14.5;
				LD_RUNPATH_SEARCH_PATHS = (
					"$(inherited)",
					"@executable_path/Frameworks",
					"@loader_path/Frameworks",
				);
				PRODUCT_BUNDLE_IDENTIFIER = ios.homework14Tests;
				PRODUCT_NAME = "$(TARGET_NAME)";
				SWIFT_VERSION = 5.0;
				TARGETED_DEVICE_FAMILY = "1,2";
				TEST_HOST = "$(BUILT_PRODUCTS_DIR)/homework14.app/homework14";
			};
			name = Debug;
		};
		A3BC433726AC0DDB00CC8354 /* Release */ = {
			isa = XCBuildConfiguration;
			buildSettings = {
				ALWAYS_EMBED_SWIFT_STANDARD_LIBRARIES = YES;
				BUNDLE_LOADER = "$(TEST_HOST)";
				CODE_SIGN_STYLE = Automatic;
				DEVELOPMENT_TEAM = 29PA55RT68;
				INFOPLIST_FILE = homework14Tests/Info.plist;
				IPHONEOS_DEPLOYMENT_TARGET = 14.5;
				LD_RUNPATH_SEARCH_PATHS = (
					"$(inherited)",
					"@executable_path/Frameworks",
					"@loader_path/Frameworks",
				);
				PRODUCT_BUNDLE_IDENTIFIER = ios.homework14Tests;
				PRODUCT_NAME = "$(TARGET_NAME)";
				SWIFT_VERSION = 5.0;
				TARGETED_DEVICE_FAMILY = "1,2";
				TEST_HOST = "$(BUILT_PRODUCTS_DIR)/homework14.app/homework14";
			};
			name = Release;
		};
		A3BC433926AC0DDB00CC8354 /* Debug */ = {
			isa = XCBuildConfiguration;
			buildSettings = {
				ALWAYS_EMBED_SWIFT_STANDARD_LIBRARIES = YES;
				CODE_SIGN_STYLE = Automatic;
				DEVELOPMENT_TEAM = 29PA55RT68;
				INFOPLIST_FILE = homework14UITests/Info.plist;
				LD_RUNPATH_SEARCH_PATHS = (
					"$(inherited)",
					"@executable_path/Frameworks",
					"@loader_path/Frameworks",
				);
				PRODUCT_BUNDLE_IDENTIFIER = ios.homework14UITests;
				PRODUCT_NAME = "$(TARGET_NAME)";
				SWIFT_VERSION = 5.0;
				TARGETED_DEVICE_FAMILY = "1,2";
				TEST_TARGET_NAME = homework14;
			};
			name = Debug;
		};
		A3BC433A26AC0DDB00CC8354 /* Release */ = {
			isa = XCBuildConfiguration;
			buildSettings = {
				ALWAYS_EMBED_SWIFT_STANDARD_LIBRARIES = YES;
				CODE_SIGN_STYLE = Automatic;
				DEVELOPMENT_TEAM = 29PA55RT68;
				INFOPLIST_FILE = homework14UITests/Info.plist;
				LD_RUNPATH_SEARCH_PATHS = (
					"$(inherited)",
					"@executable_path/Frameworks",
					"@loader_path/Frameworks",
				);
				PRODUCT_BUNDLE_IDENTIFIER = ios.homework14UITests;
				PRODUCT_NAME = "$(TARGET_NAME)";
				SWIFT_VERSION = 5.0;
				TARGETED_DEVICE_FAMILY = "1,2";
				TEST_TARGET_NAME = homework14;
			};
			name = Release;
		};
/* End XCBuildConfiguration section */

/* Begin XCConfigurationList section */
		A3BC430026AC0DDA00CC8354 /* Build configuration list for PBXProject "homework14" */ = {
			isa = XCConfigurationList;
			buildConfigurations = (
				A3BC433026AC0DDB00CC8354 /* Debug */,
				A3BC433126AC0DDB00CC8354 /* Release */,
			);
			defaultConfigurationIsVisible = 0;
			defaultConfigurationName = Release;
		};
		A3BC433226AC0DDB00CC8354 /* Build configuration list for PBXNativeTarget "homework14" */ = {
			isa = XCConfigurationList;
			buildConfigurations = (
				A3BC433326AC0DDB00CC8354 /* Debug */,
				A3BC433426AC0DDB00CC8354 /* Release */,
			);
			defaultConfigurationIsVisible = 0;
			defaultConfigurationName = Release;
		};
		A3BC433526AC0DDB00CC8354 /* Build configuration list for PBXNativeTarget "homework14Tests" */ = {
			isa = XCConfigurationList;
			buildConfigurations = (
				A3BC433626AC0DDB00CC8354 /* Debug */,
				A3BC433726AC0DDB00CC8354 /* Release */,
			);
			defaultConfigurationIsVisible = 0;
			defaultConfigurationName = Release;
		};
		A3BC433826AC0DDB00CC8354 /* Build configuration list for PBXNativeTarget "homework14UITests" */ = {
			isa = XCConfigurationList;
			buildConfigurations = (
				A3BC433926AC0DDB00CC8354 /* Debug */,
				A3BC433A26AC0DDB00CC8354 /* Release */,
			);
			defaultConfigurationIsVisible = 0;
			defaultConfigurationName = Release;
		};
/* End XCConfigurationList section */

/* Begin XCVersionGroup section */
		A3BC431126AC0DDA00CC8354 /* homework14.xcdatamodeld */ = {
			isa = XCVersionGroup;
			children = (
				A3BC431226AC0DDA00CC8354 /* homework14.xcdatamodel */,
			);
			currentVersion = A3BC431226AC0DDA00CC8354 /* homework14.xcdatamodel */;
			path = homework14.xcdatamodeld;
			sourceTree = "<group>";
			versionGroupType = wrapper.xcdatamodel;
		};
/* End XCVersionGroup section */
	};
	rootObject = A3BC42FD26AC0DDA00CC8354 /* Project object */;
}
